<?xml version="1.0" encoding="UTF-8" standalone="yes" ?>
<CodeBlocks_project_file>
	<FileVersion major="1" minor="6" />
	<Project>
		<Option title="Foundation" />
		<Option pch_mode="2" />
		<Option compiler="gcc" />
		<Build>
			<Target title="Windows">
				<Option platforms="Windows;" />
				<Option output="../lib/libPocoFoundationmt.a" prefix_auto="0" extension_auto="0" />
				<Option working_dir="" />
				<Option object_output="obj/Release" />
				<Option type="2" />
				<Option compiler="gcc" />
				<Compiler>
					<Add option="-DWIN32" />
					<Add option="-D_WINDOWS" />
					<Add option="-DFoundation_EXPORTS" />
					<Add option="-DPOCO_STATIC" />
					<Add option="-DPCRE_STATIC" />
					<Add option="-DWINVER=0x0500" />
					<Add option="-DPOCO_NO_FPENVIRONMENT" />
					<Add option="-DMINGW32" />
					<Add option="-DPOCO_THREAD_STACK_SIZE" />
					<Add option="-DFoundation_Config_INCLUDED" />
					<Add directory="include" />
				</Compiler>
				<Linker>
					<Add option="-s" />
					<Add option="-Wl,--allow-multiple-definition" />
				</Linker>
			</Target>
			<Target title="Linux">
				<Option platforms="Unix;" />
				<Option output="../lib/libPocoFoundationmt.a" prefix_auto="0" extension_auto="0" />
				<Option working_dir="" />
				<Option object_output="obj/Release" />
				<Option type="2" />
				<Option compiler="gcc" />
				<Compiler>
					<Add option="-DFoundation_EXPORTS" />
					<Add option="-DPOCO_STATIC" />
					<Add option="-DPCRE_STATIC" />
					<Add option="-DPOCO_NO_FPENVIRONMENT" />
					<Add option="-DPOCO_THREAD_STACK_SIZE" />
					<Add option="-DFoundation_Config_INCLUDED" />
					<Add directory="include" />
				</Compiler>
				<Linker>
					<Add option="-s" />
					<Add option="-Wl,--allow-multiple-definition" />
				</Linker>
			</Target>
		</Build>
		<Unit filename="include/Poco/ASCIIEncoding.h" />
		<Unit filename="include/Poco/AbstractCache.h" />
		<Unit filename="include/Poco/AbstractDelegate.h" />
		<Unit filename="include/Poco/AbstractEvent.h" />
		<Unit filename="include/Poco/AbstractObserver.h" />
		<Unit filename="include/Poco/AbstractPriorityDelegate.h" />
		<Unit filename="include/Poco/AbstractStrategy.h" />
		<Unit filename="include/Poco/AccessExpirationDecorator.h" />
		<Unit filename="include/Poco/AccessExpireCache.h" />
		<Unit filename="include/Poco/AccessExpireLRUCache.h" />
		<Unit filename="include/Poco/AccessExpireStrategy.h" />
		<Unit filename="include/Poco/ActiveDispatcher.h" />
		<Unit filename="include/Poco/ActiveMethod.h" />
		<Unit filename="include/Poco/ActiveResult.h" />
		<Unit filename="include/Poco/ActiveRunnable.h" />
		<Unit filename="include/Poco/ActiveStarter.h" />
		<Unit filename="include/Poco/Activity.h" />
		<Unit filename="include/Poco/Any.h" />
		<Unit filename="include/Poco/ArchiveStrategy.h" />
		<Unit filename="include/Poco/Ascii.h" />
		<Unit filename="include/Poco/AsyncChannel.h" />
		<Unit filename="include/Poco/AtomicCounter.h" />
		<Unit filename="include/Poco/AutoPtr.h" />
		<Unit filename="include/Poco/AutoReleasePool.h" />
		<Unit filename="include/Poco/Base64Decoder.h" />
		<Unit filename="include/Poco/Base64Encoder.h" />
		<Unit filename="include/Poco/BasicEvent.h" />
		<Unit filename="include/Poco/BinaryReader.h" />
		<Unit filename="include/Poco/BinaryWriter.h" />
		<Unit filename="include/Poco/Buffer.h" />
		<Unit filename="include/Poco/BufferAllocator.h" />
		<Unit filename="include/Poco/BufferedBidirectionalStreamBuf.h" />
		<Unit filename="include/Poco/BufferedStreamBuf.h" />
		<Unit filename="include/Poco/Bugcheck.h" />
		<Unit filename="include/Poco/ByteOrder.h" />
		<Unit filename="include/Poco/Channel.h" />
		<Unit filename="include/Poco/Checksum.h" />
		<Unit filename="include/Poco/ClassLibrary.h" />
		<Unit filename="include/Poco/ClassLoader.h" />
		<Unit filename="include/Poco/Condition.h" />
		<Unit filename="include/Poco/Config.h" />
		<Unit filename="include/Poco/Configurable.h" />
		<Unit filename="include/Poco/ConsoleChannel.h" />
		<Unit filename="include/Poco/CountingStream.h" />
		<Unit filename="include/Poco/DateTime.h" />
		<Unit filename="include/Poco/DateTimeFormat.h" />
		<Unit filename="include/Poco/DateTimeFormatter.h" />
		<Unit filename="include/Poco/DateTimeParser.h" />
		<Unit filename="include/Poco/Debugger.h" />
		<Unit filename="include/Poco/DefaultStrategy.h" />
		<Unit filename="include/Poco/DeflatingStream.h" />
		<Unit filename="include/Poco/Delegate.h" />
		<Unit filename="include/Poco/DigestEngine.h" />
		<Unit filename="include/Poco/DigestStream.h" />
		<Unit filename="include/Poco/DirectoryIterator.h" />
		<Unit filename="include/Poco/DirectoryIterator_UNIX.h" />
		<Unit filename="include/Poco/DirectoryIterator_VMS.h" />
		<Unit filename="include/Poco/DirectoryIterator_WIN32.h" />
		<Unit filename="include/Poco/DirectoryIterator_WIN32U.h" />
		<Unit filename="include/Poco/DirectoryWatcher.h" />
		<Unit filename="include/Poco/DynamicAny.h" />
		<Unit filename="include/Poco/DynamicAnyHolder.h" />
		<Unit filename="include/Poco/DynamicFactory.h" />
		<Unit filename="include/Poco/Environment.h" />
		<Unit filename="include/Poco/Environment_UNIX.h" />
		<Unit filename="include/Poco/Environment_VMS.h" />
		<Unit filename="include/Poco/Environment_VX.h" />
		<Unit filename="include/Poco/Environment_WIN32.h" />
		<Unit filename="include/Poco/Environment_WIN32U.h" />
		<Unit filename="include/Poco/Environment_WINCE.h" />
		<Unit filename="include/Poco/ErrorHandler.h" />
		<Unit filename="include/Poco/Event.h" />
		<Unit filename="include/Poco/EventArgs.h" />
		<Unit filename="include/Poco/EventLogChannel.h" />
		<Unit filename="include/Poco/Event_POSIX.h" />
		<Unit filename="include/Poco/Event_VX.h" />
		<Unit filename="include/Poco/Event_WIN32.h" />
		<Unit filename="include/Poco/Exception.h" />
		<Unit filename="include/Poco/ExpirationDecorator.h" />
		<Unit filename="include/Poco/Expire.h" />
		<Unit filename="include/Poco/ExpireCache.h" />
		<Unit filename="include/Poco/ExpireLRUCache.h" />
		<Unit filename="include/Poco/ExpireStrategy.h" />
		<Unit filename="include/Poco/FIFOEvent.h" />
		<Unit filename="include/Poco/FIFOStrategy.h" />
		<Unit filename="include/Poco/FPEnvironment.h" />
		<Unit filename="include/Poco/FPEnvironment_C99.h" />
		<Unit filename="include/Poco/FPEnvironment_DEC.h" />
		<Unit filename="include/Poco/FPEnvironment_DUMMY.h" />
		<Unit filename="include/Poco/FPEnvironment_SUN.h" />
		<Unit filename="include/Poco/FPEnvironment_WIN32.h" />
		<Unit filename="include/Poco/File.h" />
		<Unit filename="include/Poco/FileChannel.h" />
		<Unit filename="include/Poco/FileStream.h" />
		<Unit filename="include/Poco/FileStreamFactory.h" />
		<Unit filename="include/Poco/FileStream_POSIX.h" />
		<Unit filename="include/Poco/FileStream_WIN32.h" />
		<Unit filename="include/Poco/File_UNIX.h" />
		<Unit filename="include/Poco/File_VMS.h" />
		<Unit filename="include/Poco/File_VX.h" />
		<Unit filename="include/Poco/File_WIN32.h" />
		<Unit filename="include/Poco/File_WIN32U.h" />
		<Unit filename="include/Poco/File_WINCE.h" />
		<Unit filename="include/Poco/Format.h" />
		<Unit filename="include/Poco/Formatter.h" />
		<Unit filename="include/Poco/FormattingChannel.h" />
		<Unit filename="include/Poco/Foundation.h" />
		<Unit filename="include/Poco/FunctionDelegate.h" />
		<Unit filename="include/Poco/FunctionPriorityDelegate.h" />
		<Unit filename="include/Poco/Glob.h" />
		<Unit filename="include/Poco/HMACEngine.h" />
		<Unit filename="include/Poco/Hash.h" />
		<Unit filename="include/Poco/HashFunction.h" />
		<Unit filename="include/Poco/HashMap.h" />
		<Unit filename="include/Poco/HashSet.h" />
		<Unit filename="include/Poco/HashStatistic.h" />
		<Unit filename="include/Poco/HashTable.h" />
		<Unit filename="include/Poco/HexBinaryDecoder.h" />
		<Unit filename="include/Poco/HexBinaryEncoder.h" />
		<Unit filename="include/Poco/InflatingStream.h" />
		<Unit filename="include/Poco/Instantiator.h" />
		<Unit filename="include/Poco/KeyValueArgs.h" />
		<Unit filename="include/Poco/LRUCache.h" />
		<Unit filename="include/Poco/LRUStrategy.h" />
		<Unit filename="include/Poco/Latin1Encoding.h" />
		<Unit filename="include/Poco/Latin9Encoding.h" />
		<Unit filename="include/Poco/LineEndingConverter.h" />
		<Unit filename="include/Poco/LinearHashTable.h" />
		<Unit filename="include/Poco/LocalDateTime.h" />
		<Unit filename="include/Poco/LogFile.h" />
		<Unit filename="include/Poco/LogFile_STD.h" />
		<Unit filename="include/Poco/LogFile_VMS.h" />
		<Unit filename="include/Poco/LogFile_WIN32.h" />
		<Unit filename="include/Poco/LogFile_WIN32U.h" />
		<Unit filename="include/Poco/LogStream.h" />
		<Unit filename="include/Poco/Logger.h" />
		<Unit filename="include/Poco/LoggingFactory.h" />
		<Unit filename="include/Poco/LoggingRegistry.h" />
		<Unit filename="include/Poco/MD4Engine.h" />
		<Unit filename="include/Poco/MD5Engine.h" />
		<Unit filename="include/Poco/Manifest.h" />
		<Unit filename="include/Poco/MemoryPool.h" />
		<Unit filename="include/Poco/MemoryStream.h" />
		<Unit filename="include/Poco/Message.h" />
		<Unit filename="include/Poco/MetaObject.h" />
		<Unit filename="include/Poco/MetaProgramming.h" />
		<Unit filename="include/Poco/Mutex.h" />
		<Unit filename="include/Poco/Mutex_POSIX.h" />
		<Unit filename="include/Poco/Mutex_VX.h" />
		<Unit filename="include/Poco/Mutex_WIN32.h" />
		<Unit filename="include/Poco/Mutex_WINCE.h" />
		<Unit filename="include/Poco/NObserver.h" />
		<Unit filename="include/Poco/NamedEvent.h" />
		<Unit filename="include/Poco/NamedEvent_Android.h" />
		<Unit filename="include/Poco/NamedEvent_UNIX.h" />
		<Unit filename="include/Poco/NamedEvent_VMS.h" />
		<Unit filename="include/Poco/NamedEvent_WIN32.h" />
		<Unit filename="include/Poco/NamedEvent_WIN32U.h" />
		<Unit filename="include/Poco/NamedMutex.h" />
		<Unit filename="include/Poco/NamedMutex_Android.h" />
		<Unit filename="include/Poco/NamedMutex_UNIX.h" />
		<Unit filename="include/Poco/NamedMutex_VMS.h" />
		<Unit filename="include/Poco/NamedMutex_WIN32.h" />
		<Unit filename="include/Poco/NamedMutex_WIN32U.h" />
		<Unit filename="include/Poco/NamedTuple.h" />
		<Unit filename="include/Poco/NestedDiagnosticContext.h" />
		<Unit filename="include/Poco/Notification.h" />
		<Unit filename="include/Poco/NotificationCenter.h" />
		<Unit filename="include/Poco/NotificationQueue.h" />
		<Unit filename="include/Poco/NotificationStrategy.h" />
		<Unit filename="include/Poco/NullChannel.h" />
		<Unit filename="include/Poco/NullStream.h" />
		<Unit filename="include/Poco/Nullable.h" />
		<Unit filename="include/Poco/NumberFormatter.h" />
		<Unit filename="include/Poco/NumberParser.h" />
		<Unit filename="include/Poco/ObjectPool.h" />
		<Unit filename="include/Poco/Observer.h" />
		<Unit filename="include/Poco/OpcomChannel.h" />
		<Unit filename="include/Poco/Optional.h" />
		<Unit filename="include/Poco/Path.h" />
		<Unit filename="include/Poco/Path_UNIX.h" />
		<Unit filename="include/Poco/Path_VMS.h" />
		<Unit filename="include/Poco/Path_WIN32.h" />
		<Unit filename="include/Poco/Path_WIN32U.h" />
		<Unit filename="include/Poco/Path_WINCE.h" />
		<Unit filename="include/Poco/PatternFormatter.h" />
		<Unit filename="include/Poco/Pipe.h" />
		<Unit filename="include/Poco/PipeImpl.h" />
		<Unit filename="include/Poco/PipeImpl_DUMMY.h" />
		<Unit filename="include/Poco/PipeImpl_POSIX.h" />
		<Unit filename="include/Poco/PipeImpl_WIN32.h" />
		<Unit filename="include/Poco/PipeStream.h" />
		<Unit filename="include/Poco/Platform.h" />
		<Unit filename="include/Poco/Platform_POSIX.h" />
		<Unit filename="include/Poco/Platform_VMS.h" />
		<Unit filename="include/Poco/Platform_VX.h" />
		<Unit filename="include/Poco/Platform_WIN32.h" />
		<Unit filename="include/Poco/Poco.h" />
		<Unit filename="include/Poco/PriorityDelegate.h" />
		<Unit filename="include/Poco/PriorityEvent.h" />
		<Unit filename="include/Poco/PriorityExpire.h" />
		<Unit filename="include/Poco/PriorityNotificationQueue.h" />
		<Unit filename="include/Poco/PriorityStrategy.h" />
		<Unit filename="include/Poco/Process.h" />
		<Unit filename="include/Poco/Process_UNIX.h" />
		<Unit filename="include/Poco/Process_VMS.h" />
		<Unit filename="include/Poco/Process_VX.h" />
		<Unit filename="include/Poco/Process_WIN32.h" />
		<Unit filename="include/Poco/Process_WIN32U.h" />
		<Unit filename="include/Poco/Process_WINCE.h" />
		<Unit filename="include/Poco/PurgeStrategy.h" />
		<Unit filename="include/Poco/RWLock.h" />
		<Unit filename="include/Poco/RWLock_Android.h" />
		<Unit filename="include/Poco/RWLock_POSIX.h" />
		<Unit filename="include/Poco/RWLock_VX.h" />
		<Unit filename="include/Poco/RWLock_WIN32.h" />
		<Unit filename="include/Poco/RWLock_WINCE.h" />
		<Unit filename="include/Poco/Random.h" />
		<Unit filename="include/Poco/RandomStream.h" />
		<Unit filename="include/Poco/RefCountedObject.h" />
		<Unit filename="include/Poco/RegularExpression.h" />
		<Unit filename="include/Poco/RotateStrategy.h" />
		<Unit filename="include/Poco/Runnable.h" />
		<Unit filename="include/Poco/RunnableAdapter.h" />
		<Unit filename="include/Poco/SHA1Engine.h" />
		<Unit filename="include/Poco/ScopedLock.h" />
		<Unit filename="include/Poco/ScopedUnlock.h" />
		<Unit filename="include/Poco/Semaphore.h" />
		<Unit filename="include/Poco/Semaphore_POSIX.h" />
		<Unit filename="include/Poco/Semaphore_VX.h" />
		<Unit filename="include/Poco/Semaphore_WIN32.h" />
		<Unit filename="include/Poco/SharedLibrary.h" />
		<Unit filename="include/Poco/SharedLibrary_HPUX.h" />
		<Unit filename="include/Poco/SharedLibrary_UNIX.h" />
		<Unit filename="include/Poco/SharedLibrary_VMS.h" />
		<Unit filename="include/Poco/SharedLibrary_VX.h" />
		<Unit filename="include/Poco/SharedLibrary_WIN32.h" />
		<Unit filename="include/Poco/SharedLibrary_WIN32U.h" />
		<Unit filename="include/Poco/SharedMemory.h" />
		<Unit filename="include/Poco/SharedMemory_DUMMY.h" />
		<Unit filename="include/Poco/SharedMemory_POSIX.h" />
		<Unit filename="include/Poco/SharedMemory_WIN32.h" />
		<Unit filename="include/Poco/SharedPtr.h" />
		<Unit filename="include/Poco/SignalHandler.h" />
		<Unit filename="include/Poco/SimpleFileChannel.h" />
		<Unit filename="include/Poco/SimpleHashTable.h" />
		<Unit filename="include/Poco/SingletonHolder.h" />
		<Unit filename="include/Poco/SplitterChannel.h" />
		<Unit filename="include/Poco/Stopwatch.h" />
		<Unit filename="include/Poco/StrategyCollection.h" />
		<Unit filename="include/Poco/StreamChannel.h" />
		<Unit filename="include/Poco/StreamConverter.h" />
		<Unit filename="include/Poco/StreamCopier.h" />
		<Unit filename="include/Poco/StreamTokenizer.h" />
		<Unit filename="include/Poco/StreamUtil.h" />
		<Unit filename="include/Poco/String.h" />
		<Unit filename="include/Poco/StringTokenizer.h" />
		<Unit filename="include/Poco/SynchronizedObject.h" />
		<Unit filename="include/Poco/SyslogChannel.h" />
		<Unit filename="include/Poco/Task.h" />
		<Unit filename="include/Poco/TaskManager.h" />
		<Unit filename="include/Poco/TaskNotification.h" />
		<Unit filename="include/Poco/TeeStream.h" />
		<Unit filename="include/Poco/TemporaryFile.h" />
		<Unit filename="include/Poco/TextBufferIterator.h" />
		<Unit filename="include/Poco/TextConverter.h" />
		<Unit filename="include/Poco/TextEncoding.h" />
		<Unit filename="include/Poco/TextIterator.h" />
		<Unit filename="include/Poco/Thread.h" />
		<Unit filename="include/Poco/ThreadLocal.h" />
		<Unit filename="include/Poco/ThreadPool.h" />
		<Unit filename="include/Poco/ThreadTarget.h" />
		<Unit filename="include/Poco/Thread_POSIX.h" />
		<Unit filename="include/Poco/Thread_VX.h" />
		<Unit filename="include/Poco/Thread_WIN32.h" />
		<Unit filename="include/Poco/Thread_WINCE.h" />
		<Unit filename="include/Poco/TimedNotificationQueue.h" />
		<Unit filename="include/Poco/Timer.h" />
		<Unit filename="include/Poco/Timespan.h" />
		<Unit filename="include/Poco/Timestamp.h" />
		<Unit filename="include/Poco/Timezone.h" />
		<Unit filename="include/Poco/Token.h" />
		<Unit filename="include/Poco/Tuple.h" />
		<Unit filename="include/Poco/TypeList.h" />
		<Unit filename="include/Poco/Types.h" />
		<Unit filename="include/Poco/URI.h" />
		<Unit filename="include/Poco/URIStreamFactory.h" />
		<Unit filename="include/Poco/URIStreamOpener.h" />
		<Unit filename="include/Poco/UTF16Encoding.h" />
		<Unit filename="include/Poco/UTF8Encoding.h" />
		<Unit filename="include/Poco/UTF8String.h" />
		<Unit filename="include/Poco/UUID.h" />
		<Unit filename="include/Poco/UUIDGenerator.h" />
		<Unit filename="include/Poco/UnWindows.h" />
		<Unit filename="include/Poco/UnbufferedStreamBuf.h" />
		<Unit filename="include/Poco/Unicode.h" />
		<Unit filename="include/Poco/UnicodeConverter.h" />
		<Unit filename="include/Poco/UniqueAccessExpireCache.h" />
		<Unit filename="include/Poco/UniqueAccessExpireLRUCache.h" />
		<Unit filename="include/Poco/UniqueAccessExpireStrategy.h" />
		<Unit filename="include/Poco/UniqueExpireCache.h" />
		<Unit filename="include/Poco/UniqueExpireLRUCache.h" />
		<Unit filename="include/Poco/UniqueExpireStrategy.h" />
		<Unit filename="include/Poco/ValidArgs.h" />
		<Unit filename="include/Poco/Version.h" />
		<Unit filename="include/Poco/Void.h" />
		<Unit filename="include/Poco/Windows1252Encoding.h" />
		<Unit filename="include/Poco/WindowsConsoleChannel.h" />
		<Unit filename="include/Poco/zconf.h" />
		<Unit filename="include/Poco/zlib.h" />
		<Unit filename="src/ASCIIEncoding.cpp" />
		<Unit filename="src/AbstractObserver.cpp" />
		<Unit filename="src/ActiveDispatcher.cpp" />
		<Unit filename="src/ArchiveStrategy.cpp" />
		<Unit filename="src/Ascii.cpp" />
		<Unit filename="src/AsyncChannel.cpp" />
		<Unit filename="src/AtomicCounter.cpp" />
		<Unit filename="src/Base64Decoder.cpp" />
		<Unit filename="src/Base64Encoder.cpp" />
		<Unit filename="src/BinaryReader.cpp" />
		<Unit filename="src/BinaryWriter.cpp" />
		<Unit filename="src/Bugcheck.cpp" />
		<Unit filename="src/ByteOrder.cpp" />
		<Unit filename="src/Channel.cpp" />
		<Unit filename="src/Checksum.cpp" />
		<Unit filename="src/Condition.cpp" />
		<Unit filename="src/Configurable.cpp" />
		<Unit filename="src/ConsoleChannel.cpp" />
		<Unit filename="src/CountingStream.cpp" />
		<Unit filename="src/DateTime.cpp" />
		<Unit filename="src/DateTimeFormat.cpp" />
		<Unit filename="src/DateTimeFormatter.cpp" />
		<Unit filename="src/DateTimeParser.cpp" />
		<Unit filename="src/Debugger.cpp" />
		<Unit filename="src/DeflatingStream.cpp" />
		<Unit filename="src/DigestEngine.cpp" />
		<Unit filename="src/DigestStream.cpp" />
		<Unit filename="src/DirectoryIterator.cpp" />
		<Unit filename="src/DirectoryWatcher.cpp" />
		<Unit filename="src/DynamicAny.cpp" />
		<Unit filename="src/DynamicAnyHolder.cpp" />
		<Unit filename="src/Environment.cpp" />
		<Unit filename="src/Environment_WINCE.cpp">
			<Option target="Windows" />
		</Unit>
		<Unit filename="src/ErrorHandler.cpp" />
		<Unit filename="src/Event.cpp" />
		<Unit filename="src/EventArgs.cpp" />
		<Unit filename="src/EventLogChannel.cpp">
			<Option target="Windows" />
		</Unit>
		<Unit filename="src/Exception.cpp" />
		<Unit filename="src/File.cpp" />
		<Unit filename="src/FileChannel.cpp" />
		<Unit filename="src/FileStream.cpp" />
		<Unit filename="src/FileStreamFactory.cpp" />
		<Unit filename="src/Format.cpp" />
		<Unit filename="src/Formatter.cpp" />
		<Unit filename="src/FormattingChannel.cpp" />
		<Unit filename="src/Glob.cpp" />
		<Unit filename="src/Hash.cpp" />
		<Unit filename="src/HashStatistic.cpp" />
		<Unit filename="src/HexBinaryDecoder.cpp" />
		<Unit filename="src/HexBinaryEncoder.cpp" />
		<Unit filename="src/InflatingStream.cpp" />
		<Unit filename="src/Latin1Encoding.cpp" />
		<Unit filename="src/Latin9Encoding.cpp" />
		<Unit filename="src/LineEndingConverter.cpp" />
		<Unit filename="src/LocalDateTime.cpp" />
		<Unit filename="src/LogFile.cpp" />
		<Unit filename="src/LogStream.cpp" />
		<Unit filename="src/Logger.cpp" />
		<Unit filename="src/LoggingFactory.cpp" />
		<Unit filename="src/LoggingRegistry.cpp" />
		<Unit filename="src/MD4Engine.cpp" />
		<Unit filename="src/MD5Engine.cpp" />
		<Unit filename="src/Manifest.cpp" />
		<Unit filename="src/MemoryPool.cpp" />
		<Unit filename="src/MemoryStream.cpp" />
		<Unit filename="src/Message.cpp" />
		<Unit filename="src/Mutex.cpp" />
		<Unit filename="src/Mutex_WINCE.cpp">
			<Option target="Windows" />
		</Unit>
		<Unit filename="src/NamedEvent.cpp" />
		<Unit filename="src/NamedEvent_Android.cpp" />
		<Unit filename="src/NamedMutex.cpp" />
		<Unit filename="src/NamedMutex_Android.cpp" />
		<Unit filename="src/NestedDiagnosticContext.cpp" />
		<Unit filename="src/Notification.cpp" />
		<Unit filename="src/NotificationCenter.cpp" />
		<Unit filename="src/NotificationQueue.cpp" />
		<Unit filename="src/NullChannel.cpp" />
		<Unit filename="src/NullStream.cpp" />
		<Unit filename="src/NumberFormatter.cpp" />
		<Unit filename="src/NumberParser.cpp" />
		<Unit filename="src/Path.cpp" />
		<Unit filename="src/Path_WINCE.cpp">
			<Option target="Windows" />
		</Unit>
		<Unit filename="src/PatternFormatter.cpp" />
		<Unit filename="src/Pipe.cpp" />
		<Unit filename="src/PipeImpl.cpp" />
		<Unit filename="src/PipeStream.cpp" />
		<Unit filename="src/PriorityNotificationQueue.cpp" />
		<Unit filename="src/Process.cpp" />
		<Unit filename="src/Process_VX.cpp">
			<Option target="Windows" />
		</Unit>
		<Unit filename="src/Process_WINCE.cpp">
			<Option target="Windows" />
		</Unit>
		<Unit filename="src/PurgeStrategy.cpp" />
		<Unit filename="src/RWLock.cpp" />
		<Unit filename="src/RWLock_Android.cpp" />
		<Unit filename="src/RWLock_VX.cpp">
			<Option target="Windows" />
		</Unit>
		<Unit filename="src/RWLock_WINCE.cpp">
			<Option target="Windows" />
		</Unit>
		<Unit filename="src/Random.cpp" />
		<Unit filename="src/RandomStream.cpp" />
		<Unit filename="src/RefCountedObject.cpp" />
		<Unit filename="src/RegularExpression.cpp" />
		<Unit filename="src/RotateStrategy.cpp" />
		<Unit filename="src/Runnable.cpp" />
		<Unit filename="src/SHA1Engine.cpp" />
		<Unit filename="src/Semaphore.cpp" />
		<Unit filename="src/SharedLibrary.cpp" />
		<Unit filename="src/SharedMemory.cpp" />
		<Unit filename="src/SignalHandler.cpp" />
		<Unit filename="src/SimpleFileChannel.cpp" />
		<Unit filename="src/SplitterChannel.cpp" />
		<Unit filename="src/Stopwatch.cpp" />
		<Unit filename="src/StreamChannel.cpp" />
		<Unit filename="src/StreamConverter.cpp" />
		<Unit filename="src/StreamCopier.cpp" />
		<Unit filename="src/StreamTokenizer.cpp" />
		<Unit filename="src/String.cpp" />
		<Unit filename="src/StringTokenizer.cpp" />
		<Unit filename="src/SynchronizedObject.cpp" />
		<Unit filename="src/Task.cpp" />
		<Unit filename="src/TaskManager.cpp" />
		<Unit filename="src/TaskNotification.cpp" />
		<Unit filename="src/TeeStream.cpp" />
		<Unit filename="src/TemporaryFile.cpp" />
		<Unit filename="src/TextBufferIterator.cpp" />
		<Unit filename="src/TextConverter.cpp" />
		<Unit filename="src/TextEncoding.cpp" />
		<Unit filename="src/TextIterator.cpp" />
		<Unit filename="src/Thread.cpp" />
		<Unit filename="src/ThreadLocal.cpp" />
		<Unit filename="src/ThreadPool.cpp" />
		<Unit filename="src/ThreadTarget.cpp" />
		<Unit filename="src/TimedNotificationQueue.cpp" />
		<Unit filename="src/Timer.cpp" />
		<Unit filename="src/Timespan.cpp" />
		<Unit filename="src/Timestamp.cpp" />
		<Unit filename="src/Timezone.cpp" />
		<Unit filename="src/Token.cpp" />
		<Unit filename="src/URI.cpp" />
		<Unit filename="src/URIStreamFactory.cpp" />
		<Unit filename="src/URIStreamOpener.cpp" />
		<Unit filename="src/UTF16Encoding.cpp" />
		<Unit filename="src/UTF8Encoding.cpp" />
		<Unit filename="src/UTF8String.cpp" />
		<Unit filename="src/UUID.cpp" />
		<Unit filename="src/UUIDGenerator.cpp" />
		<Unit filename="src/Unicode.cpp" />
		<Unit filename="src/UnicodeConverter.cpp" />
		<Unit filename="src/Void.cpp" />
		<Unit filename="src/Windows1252Encoding.cpp" />
		<Unit filename="src/WindowsConsoleChannel.cpp">
			<Option target="Windows" />
		</Unit>
		<Unit filename="src/adler32.c">
			<Option compilerVar="CC" />
		</Unit>
		<Unit filename="src/compress.c">
			<Option compilerVar="CC" />
		</Unit>
		<Unit filename="src/crc32.c">
			<Option compilerVar="CC" />
		</Unit>
		<Unit filename="src/deflate.c">
			<Option compilerVar="CC" />
		</Unit>
		<Unit filename="src/infback.c">
			<Option compilerVar="CC" />
		</Unit>
		<Unit filename="src/inffast.c">
			<Option compilerVar="CC" />
		</Unit>
		<Unit filename="src/inflate.c">
			<Option compilerVar="CC" />
		</Unit>
		<Unit filename="src/inftrees.c">
			<Option compilerVar="CC" />
		</Unit>
		<Unit filename="src/pcre_chartables.c">
			<Option compilerVar="CC" />
		</Unit>
		<Unit filename="src/pcre_compile.c">
			<Option compilerVar="CC" />
		</Unit>
		<Unit filename="src/pcre_exec.c">
			<Option compilerVar="CC" />
		</Unit>
		<Unit filename="src/pcre_fullinfo.c">
			<Option compilerVar="CC" />
		</Unit>
		<Unit filename="src/pcre_globals.c">
			<Option compilerVar="CC" />
		</Unit>
		<Unit filename="src/pcre_maketables.c">
			<Option compilerVar="CC" />
		</Unit>
		<Unit filename="src/pcre_newline.c">
			<Option compilerVar="CC" />
		</Unit>
		<Unit filename="src/pcre_ord2utf8.c">
			<Option compilerVar="CC" />
		</Unit>
		<Unit filename="src/pcre_study.c">
			<Option compilerVar="CC" />
		</Unit>
		<Unit filename="src/pcre_tables.c">
			<Option compilerVar="CC" />
		</Unit>
		<Unit filename="src/pcre_try_flipped.c">
			<Option compilerVar="CC" />
		</Unit>
		<Unit filename="src/pcre_ucd.c">
			<Option compilerVar="CC" />
		</Unit>
		<Unit filename="src/pcre_valid_utf8.c">
			<Option compilerVar="CC" />
		</Unit>
		<Unit filename="src/pcre_xclass.c">
			<Option compilerVar="CC" />
		</Unit>
		<Unit filename="src/trees.c">
			<Option compilerVar="CC" />
		</Unit>
		<Unit filename="src/zutil.c">
			<Option compilerVar="CC" />
		</Unit>
		<Extensions>
			<code_completion />
			<envvars />
			<debugger />
		</Extensions>
	</Project>
</CodeBlocks_project_file>
